// !$*UTF8*$!
{
	archiveVersion = 1;
	classes = {
	};
	objectVersion = 46;
	objects = {

/* Begin PBXBuildFile section */
		1DE3C4C6567DF3ADA5A41F6D /* Pods_RealmMergeUpdates.framework in Frameworks */ = {isa = PBXBuildFile; fileRef = 25B0008A1FCBC97469277105 /* Pods_RealmMergeUpdates.framework */; };
		446E5AA91EE7105F00BAD900 /* AppDelegate.swift in Sources */ = {isa = PBXBuildFile; fileRef = 446E5AA81EE7105F00BAD900 /* AppDelegate.swift */; };
		446E5AAB1EE7105F00BAD900 /* TableViewController.swift in Sources */ = {isa = PBXBuildFile; fileRef = 446E5AAA1EE7105F00BAD900 /* TableViewController.swift */; };
		446E5AAE1EE7105F00BAD900 /* Main.storyboard in Resources */ = {isa = PBXBuildFile; fileRef = 446E5AAC1EE7105F00BAD900 /* Main.storyboard */; };
		446E5AB01EE7105F00BAD900 /* Assets.xcassets in Resources */ = {isa = PBXBuildFile; fileRef = 446E5AAF1EE7105F00BAD900 /* Assets.xcassets */; };
		446E5AB31EE7105F00BAD900 /* LaunchScreen.storyboard in Resources */ = {isa = PBXBuildFile; fileRef = 446E5AB11EE7105F00BAD900 /* LaunchScreen.storyboard */; };
		446E5ABB1EE711E100BAD900 /* Model.swift in Sources */ = {isa = PBXBuildFile; fileRef = 446E5ABA1EE711E000BAD900 /* Model.swift */; };
/* End PBXBuildFile section */

/* Begin PBXFileReference section */
		25B0008A1FCBC97469277105 /* Pods_RealmMergeUpdates.framework */ = {isa = PBXFileReference; explicitFileType = wrapper.framework; includeInIndex = 0; path = Pods_RealmMergeUpdates.framework; sourceTree = BUILT_PRODUCTS_DIR; };
		446E5AA51EE7105F00BAD900 /* RealmMergeUpdates.app */ = {isa = PBXFileReference; explicitFileType = wrapper.application; includeInIndex = 0; path = RealmMergeUpdates.app; sourceTree = BUILT_PRODUCTS_DIR; };
		446E5AA81EE7105F00BAD900 /* AppDelegate.swift */ = {isa = PBXFileReference; lastKnownFileType = sourcecode.swift; path = AppDelegate.swift; sourceTree = "<group>"; };
		446E5AAA1EE7105F00BAD900 /* TableViewController.swift */ = {isa = PBXFileReference; lastKnownFileType = sourcecode.swift; path = TableViewController.swift; sourceTree = "<group>"; };
		446E5AAD1EE7105F00BAD900 /* Base */ = {isa = PBXFileReference; lastKnownFileType = file.storyboard; name = Base; path = Base.lproj/Main.storyboard; sourceTree = "<group>"; };
		446E5AAF1EE7105F00BAD900 /* Assets.xcassets */ = {isa = PBXFileReference; lastKnownFileType = folder.assetcatalog; path = Assets.xcassets; sourceTree = "<group>"; };
		446E5AB21EE7105F00BAD900 /* Base */ = {isa = PBXFileReference; lastKnownFileType = file.storyboard; name = Base; path = Base.lproj/LaunchScreen.storyboard; sourceTree = "<group>"; };
		446E5AB41EE7105F00BAD900 /* Info.plist */ = {isa = PBXFileReference; lastKnownFileType = text.plist.xml; path = Info.plist; sourceTree = "<group>"; };
		446E5ABA1EE711E000BAD900 /* Model.swift */ = {isa = PBXFileReference; fileEncoding = 4; lastKnownFileType = sourcecode.swift; path = Model.swift; sourceTree = "<group>"; };
		9FAC85CC8A675A6F8F90F06C /* Pods-RealmMergeUpdates.debug.xcconfig */ = {isa = PBXFileReference; includeInIndex = 1; lastKnownFileType = text.xcconfig; name = "Pods-RealmMergeUpdates.debug.xcconfig"; path = "Pods/Target Support Files/Pods-RealmMergeUpdates/Pods-RealmMergeUpdates.debug.xcconfig"; sourceTree = "<group>"; };
		BEDC968C249CFD749C771214 /* Pods-RealmMergeUpdates.release.xcconfig */ = {isa = PBXFileReference; includeInIndex = 1; lastKnownFileType = text.xcconfig; name = "Pods-RealmMergeUpdates.release.xcconfig"; path = "Pods/Target Support Files/Pods-RealmMergeUpdates/Pods-RealmMergeUpdates.release.xcconfig"; sourceTree = "<group>"; };
/* End PBXFileReference section */

/* Begin PBXFrameworksBuildPhase section */
		446E5AA21EE7105F00BAD900 /* Frameworks */ = {
			isa = PBXFrameworksBuildPhase;
			buildActionMask = 2147483647;
			files = (
				1DE3C4C6567DF3ADA5A41F6D /* Pods_RealmMergeUpdates.framework in Frameworks */,
			);
			runOnlyForDeploymentPostprocessing = 0;
		};
/* End PBXFrameworksBuildPhase section */

/* Begin PBXGroup section */
		446E5A9C1EE7105F00BAD900 = {
			isa = PBXGroup;
			children = (
				446E5AA71EE7105F00BAD900 /* RealmMergeUpdates */,
				446E5AA61EE7105F00BAD900 /* Products */,
				FF8EE4B62F4C141C3060ED88 /* Pods */,
				80DBF86FAFD284AC328DFD41 /* Frameworks */,
			);
			sourceTree = "<group>";
		};
		446E5AA61EE7105F00BAD900 /* Products */ = {
			isa = PBXGroup;
			children = (
				446E5AA51EE7105F00BAD900 /* RealmMergeUpdates.app */,
			);
			name = Products;
			sourceTree = "<group>";
		};
		446E5AA71EE7105F00BAD900 /* RealmMergeUpdates */ = {
			isa = PBXGroup;
			children = (
				446E5AA81EE7105F00BAD900 /* AppDelegate.swift */,
				446E5AAA1EE7105F00BAD900 /* TableViewController.swift */,
				446E5ABA1EE711E000BAD900 /* Model.swift */,
				446E5AAC1EE7105F00BAD900 /* Main.storyboard */,
				446E5AAF1EE7105F00BAD900 /* Assets.xcassets */,
				446E5AB11EE7105F00BAD900 /* LaunchScreen.storyboard */,
				446E5AB41EE7105F00BAD900 /* Info.plist */,
			);
			path = RealmMergeUpdates;
			sourceTree = "<group>";
		};
		80DBF86FAFD284AC328DFD41 /* Frameworks */ = {
			isa = PBXGroup;
			children = (
				25B0008A1FCBC97469277105 /* Pods_RealmMergeUpdates.framework */,
			);
			name = Frameworks;
			sourceTree = "<group>";
		};
		FF8EE4B62F4C141C3060ED88 /* Pods */ = {
			isa = PBXGroup;
			children = (
				9FAC85CC8A675A6F8F90F06C /* Pods-RealmMergeUpdates.debug.xcconfig */,
				BEDC968C249CFD749C771214 /* Pods-RealmMergeUpdates.release.xcconfig */,
			);
			name = Pods;
			sourceTree = "<group>";
		};
/* End PBXGroup section */

/* Begin PBXNativeTarget section */
		446E5AA41EE7105F00BAD900 /* RealmMergeUpdates */ = {
			isa = PBXNativeTarget;
			buildConfigurationList = 446E5AB71EE7105F00BAD900 /* Build configuration list for PBXNativeTarget "RealmMergeUpdates" */;
			buildPhases = (
				82DA27408B5D093E534CC828 /* [CP] Check Pods Manifest.lock */,
				446E5AA11EE7105F00BAD900 /* Sources */,
				446E5AA21EE7105F00BAD900 /* Frameworks */,
				446E5AA31EE7105F00BAD900 /* Resources */,
				C22CBD4FB8E0AEE21A2592E5 /* [CP] Embed Pods Frameworks */,
				81B62697184EBF061E447153 /* [CP] Copy Pods Resources */,
			);
			buildRules = (
			);
			dependencies = (
			);
			name = RealmMergeUpdates;
			productName = RealmMergeUpdates;
			productReference = 446E5AA51EE7105F00BAD900 /* RealmMergeUpdates.app */;
			productType = "com.apple.product-type.application";
		};
/* End PBXNativeTarget section */

/* Begin PBXProject section */
		446E5A9D1EE7105F00BAD900 /* Project object */ = {
			isa = PBXProject;
			attributes = {
				LastSwiftUpdateCheck = 0830;
				LastUpgradeCheck = 0830;
				ORGANIZATIONNAME = "Craig Siemens";
				TargetAttributes = {
					446E5AA41EE7105F00BAD900 = {
						CreatedOnToolsVersion = 8.3.2;
						ProvisioningStyle = Automatic;
					};
				};
			};
			buildConfigurationList = 446E5AA01EE7105F00BAD900 /* Build configuration list for PBXProject "RealmMergeUpdates" */;
			compatibilityVersion = "Xcode 3.2";
			developmentRegion = English;
			hasScannedForEncodings = 0;
			knownRegions = (
				en,
				Base,
			);
			mainGroup = 446E5A9C1EE7105F00BAD900;
			productRefGroup = 446E5AA61EE7105F00BAD900 /* Products */;
			projectDirPath = "";
			projectRoot = "";
			targets = (
				446E5AA41EE7105F00BAD900 /* RealmMergeUpdates */,
			);
		};
/* End PBXProject section */

/* Begin PBXResourcesBuildPhase section */
		446E5AA31EE7105F00BAD900 /* Resources */ = {
			isa = PBXResourcesBuildPhase;
			buildActionMask = 2147483647;
			files = (
				446E5AB31EE7105F00BAD900 /* LaunchScreen.storyboard in Resources */,
				446E5AB01EE7105F00BAD900 /* Assets.xcassets in Resources */,
				446E5AAE1EE7105F00BAD900 /* Main.storyboard in Resources */,
			);
			runOnlyForDeploymentPostprocessing = 0;
		};
/* End PBXResourcesBuildPhase section */

/* Begin PBXShellScriptBuildPhase section */
		81B62697184EBF061E447153 /* [CP] Copy Pods Resources */ = {
			isa = PBXShellScriptBuildPhase;
			buildActionMask = 2147483647;
			files = (
			);
			inputPaths = (
			);
			name = "[CP] Copy Pods Resources";
			outputPaths = (
			);
			runOnlyForDeploymentPostprocessing = 0;
			shellPath = /bin/sh;
			shellScript = "\"${SRCROOT}/Pods/Target Support Files/Pods-RealmMergeUpdates/Pods-RealmMergeUpdates-resources.sh\"\n";
			showEnvVarsInLog = 0;
		};
		82DA27408B5D093E534CC828 /* [CP] Check Pods Manifest.lock */ = {
			isa = PBXShellScriptBuildPhase;
			buildActionMask = 2147483647;
			files = (
			);
			inputPaths = (
			);
			name = "[CP] Check Pods Manifest.lock";
			outputPaths = (
			);
			runOnlyForDeploymentPostprocessing = 0;
			shellPath = /bin/sh;
			shellScript = "diff \"${PODS_PODFILE_DIR_PATH}/Podfile.lock\" \"${PODS_ROOT}/Manifest.lock\" > /dev/null\nif [ $? != 0 ] ; then\n    # print error to STDERR\n    echo \"error: The sandbox is not in sync with the Podfile.lock. Run 'pod install' or update your CocoaPods installation.\" >&2\n    exit 1\nfi\n";
			showEnvVarsInLog = 0;
		};
		C22CBD4FB8E0AEE21A2592E5 /* [CP] Embed Pods Frameworks */ = {
			isa = PBXShellScriptBuildPhase;
			buildActionMask = 2147483647;
			files = (
			);
			inputPaths = (
			);
			name = "[CP] Embed Pods Frameworks";
			outputPaths = (
			);
			runOnlyForDeploymentPostprocessing = 0;
			shellPath = /bin/sh;
			shellScript = "\"${SRCROOT}/Pods/Target Support Files/Pods-RealmMergeUpdates/Pods-RealmMergeUpdates-frameworks.sh\"\n";
			showEnvVarsInLog = 0;
		};
/* End PBXShellScriptBuildPhase section */

/* Begin PBXSourcesBuildPhase section */
		446E5AA11EE7105F00BAD900 /* Sources */ = {
			isa = PBXSourcesBuildPhase;
			buildActionMask = 2147483647;
			files = (
				446E5ABB1EE711E100BAD900 /* Model.swift in Sources */,
				446E5AAB1EE7105F00BAD900 /* TableViewController.swift in Sources */,
				446E5AA91EE7105F00BAD900 /* AppDelegate.swift in Sources */,
			);
			runOnlyForDeploymentPostprocessing = 0;
		};
/* End PBXSourcesBuildPhase section */

/* Begin PBXVariantGroup section */
		446E5AAC1EE7105F00BAD900 /* Main.storyboard */ = {
			isa = PBXVariantGroup;
			children = (
				446E5AAD1EE7105F00BAD900 /* Base */,
			);
			name = Main.storyboard;
			sourceTree = "<group>";
		};
		446E5AB11EE7105F00BAD900 /* LaunchScreen.storyboard */ = {
			isa = PBXVariantGroup;
			children = (
				446E5AB21EE7105F00BAD900 /* Base */,
			);
			name = LaunchScreen.storyboard;
			sourceTree = "<group>";
		};
/* End PBXVariantGroup section */

/* Begin XCBuildConfiguration section */
		446E5AB51EE7105F00BAD900 /* Debug */ = {
			isa = XCBuildConfiguration;
			buildSettings = {
				ALWAYS_SEARCH_USER_PATHS = NO;
				CLANG_ANALYZER_NONNULL = YES;
				CLANG_ANALYZER_NUMBER_OBJECT_CONVERSION = YES_AGGRESSIVE;
				CLANG_CXX_LANGUAGE_STANDARD = "gnu++0x";
				CLANG_CXX_LIBRARY = "libc++";
				CLANG_ENABLE_MODULES = YES;
				CLANG_ENABLE_OBJC_ARC = YES;
				CLANG_WARN_BOOL_CONVERSION = YES;
				CLANG_WARN_CONSTANT_CONVERSION = YES;
				CLANG_WARN_DIRECT_OBJC_ISA_USAGE = YES_ERROR;
				CLANG_WARN_DOCUMENTATION_COMMENTS = YES;
				CLANG_WARN_EMPTY_BODY = YES;
				CLANG_WARN_ENUM_CONVERSION = YES;
				CLANG_WARN_INFINITE_RECURSION = YES;
				CLANG_WARN_INT_CONVERSION = YES;
				CLANG_WARN_OBJC_ROOT_CLASS = YES_ERROR;
				CLANG_WARN_SUSPICIOUS_MOVE = YES;
				CLANG_WARN_UNREACHABLE_CODE = YES;
				CLANG_WARN__DUPLICATE_METHOD_MATCH = YES;
				"CODE_SIGN_IDENTITY[sdk=iphoneos*]" = "iPhone Developer";
				COPY_PHASE_STRIP = NO;
				DEBUG_INFORMATION_FORMAT = dwarf;
				ENABLE_STRICT_OBJC_MSGSEND = YES;
				ENABLE_TESTABILITY = YES;
				GCC_C_LANGUAGE_STANDARD = gnu99;
				GCC_DYNAMIC_NO_PIC = NO;
				GCC_NO_COMMON_BLOCKS = YES;
				GCC_OPTIMIZATION_LEVEL = 0;
				GCC_PREPROCESSOR_DEFINITIONS = (
					"DEBUG=1",
					"$(inherited)",
				);
				GCC_WARN_64_TO_32_BIT_CONVERSION = YES;
				GCC_WARN_ABOUT_RETURN_TYPE = YES_ERROR;
				GCC_WARN_UNDECLARED_SELECTOR = YES;
				GCC_WARN_UNINITIALIZED_AUTOS = YES_AGGRESSIVE;
				GCC_WARN_UNUSED_FUNCTION = YES;
				GCC_WARN_UNUSED_VARIABLE = YES;
				IPHONEOS_DEPLOYMENT_TARGET = 10.3;
				MTL_ENABLE_DEBUG_INFO = YES;
				ONLY_ACTIVE_ARCH = YES;
				SDKROOT = iphoneos;
				SWIFT_ACTIVE_COMPILATION_CONDITIONS = DEBUG;
				SWIFT_OPTIMIZATION_LEVEL = "-Onone";
			};
			name = Debug;
		};
		446E5AB61EE7105F00BAD900 /* Release */ = {
			isa = XCBuildConfiguration;
			buildSettings = {
				ALWAYS_SEARCH_USER_PATHS = NO;
				CLANG_ANALYZER_NONNULL = YES;
				CLANG_ANALYZER_NUMBER_OBJECT_CONVERSION = YES_AGGRESSIVE;
				CLANG_CXX_LANGUAGE_STANDARD = "gnu++0x";
				CLANG_CXX_LIBRARY = "libc++";
				CLANG_ENABLE_MODULES = YES;
				CLANG_ENABLE_OBJC_ARC = YES;
				CLANG_WARN_BOOL_CONVERSION = YES;
				CLANG_WARN_CONSTANT_CONVERSION = YES;
				CLANG_WARN_DIRECT_OBJC_ISA_USAGE = YES_ERROR;
				CLANG_WARN_DOCUMENTATION_COMMENTS = YES;
				CLANG_WARN_EMPTY_BODY = YES;
				CLANG_WARN_ENUM_CONVERSION = YES;
				CLANG_WARN_INFINITE_RECURSION = YES;
				CLANG_WARN_INT_CONVERSION = YES;
				CLANG_WARN_OBJC_ROOT_CLASS = YES_ERROR;
				CLANG_WARN_SUSPICIOUS_MOVE = YES;
				CLANG_WARN_UNREACHABLE_CODE = YES;
				CLANG_WARN__DUPLICATE_METHOD_MATCH = YES;
				"CODE_SIGN_IDENTITY[sdk=iphoneos*]" = "iPhone Developer";
				COPY_PHASE_STRIP = NO;
				DEBUG_INFORMATION_FORMAT = "dwarf-with-dsym";
				ENABLE_NS_ASSERTIONS = NO;
				ENABLE_STRICT_OBJC_MSGSEND = YES;
				GCC_C_LANGUAGE_STANDARD = gnu99;
				GCC_NO_COMMON_BLOCKS = YES;
				GCC_WARN_64_TO_32_BIT_CONVERSION = YES;
				GCC_WARN_ABOUT_RETURN_TYPE = YES_ERROR;
				GCC_WARN_UNDECLARED_SELECTOR = YES;
				GCC_WARN_UNINITIALIZED_AUTOS = YES_AGGRESSIVE;
				GCC_WARN_UNUSED_FUNCTION = YES;
				GCC_WARN_UNUSED_VARIABLE = YES;
				IPHONEOS_DEPLOYMENT_TARGET = 10.3;
				MTL_ENABLE_DEBUG_INFO = NO;
				SDKROOT = iphoneos;
				SWIFT_OPTIMIZATION_LEVEL = "-Owholemodule";
				VALIDATE_PRODUCT = YES;
			};
			name = Release;
		};
		446E5AB81EE7105F00BAD900 /* Debug */ = {
			isa = XCBuildConfiguration;
			baseConfigurationReference = 9FAC85CC8A675A6F8F90F06C /* Pods-RealmMergeUpdates.debug.xcconfig */;
			buildSettings = {
				ASSETCATALOG_COMPILER_APPICON_NAME = AppIcon;
				INFOPLIST_FILE = RealmMergeUpdates/Info.plist;
				LD_RUNPATH_SEARCH_PATHS = "$(inherited) @executable_path/Frameworks";
				PRODUCT_BUNDLE_IDENTIFIER = com.craigsiemens.RealmMergeUpdates;
				PRODUCT_NAME = "$(TARGET_NAME)";
				SWIFT_VERSION = 3.0;
			};
			name = Debug;
		};
		446E5AB91EE7105F00BAD900 /* Release */ = {
			isa = XCBuildConfiguration;
			baseConfigurationReference = BEDC968C249CFD749C771214 /* Pods-RealmMergeUpdates.release.xcconfig */;
			buildSettings = {
				ASSETCATALOG_COMPILER_APPICON_NAME = AppIcon;
				INFOPLIST_FILE = RealmMergeUpdates/Info.plist;
				LD_RUNPATH_SEARCH_PATHS = "$(inherited) @executable_path/Frameworks";
				PRODUCT_BUNDLE_IDENTIFIER = com.craigsiemens.RealmMergeUpdates;
				PRODUCT_NAME = "$(TARGET_NAME)";
				SWIFT_VERSION = 3.0;
			};
			name = Release;
		};
/* End XCBuildConfiguration section */

/* Begin XCConfigurationList section */
		446E5AA01EE7105F00BAD900 /* Build configuration list for PBXProject "RealmMergeUpdates" */ = {
			isa = XCConfigurationList;
			buildConfigurations = (
				446E5AB51EE7105F00BAD900 /* Debug */,
				446E5AB61EE7105F00BAD900 /* Release */,
			);
			defaultConfigurationIsVisible = 0;
			defaultConfigurationName = Release;
		};
		446E5AB71EE7105F00BAD900 /* Build configuration list for PBXNativeTarget "RealmMergeUpdates" */ = {
			isa = XCConfigurationList;
			buildConfigurations = (
				446E5AB81EE7105F00BAD900 /* Debug */,
				446E5AB91EE7105F00BAD900 /* Release */,
			);
			defaultConfigurationIsVisible = 0;
			defaultConfigurationName = Release;
		};
/* End XCConfigurationList section */
	};
	rootObject = 446E5A9D1EE7105F00BAD900 /* Project object */;
}
